
Microsoft Visual Studio Solution File, Format Version 12.00
# Visual Studio Version 17
VisualStudioVersion = 17.7.34009.444
MinimumVisualStudioVersion = 10.0.40219.1
Project("{FAE04EC0-301F-11D3-BF4B-00C04F79EFBC}") = "SpaceContestsWinForms", "SpaceContestsWinForms.csproj", "{5203EC73-07AC-4901-A9DB-30807F31DE15}"
EndProject
Global
	GlobalSection(SolutionConfigurationPlatforms) = preSolution
		Debug|Any CPU = Debug|Any CPU
		Release|Any CPU = Release|Any CPU
	EndGlobalSection
	GlobalSection(ProjectConfigurationPlatforms) = postSolution
		{5203EC73-07AC-4901-A9DB-30807F31DE15}.Debug|Any CPU.ActiveCfg = Debug|Any CPU
		{5203EC73-07AC-4901-A9DB-30807F31DE15}.Debug|Any CPU.Build.0 = Debug|Any CPU
		{5203EC73-07AC-4901-A9DB-30807F31DE15}.Release|Any CPU.ActiveCfg = Release|Any CPU
		{5203EC73-07AC-4901-A9DB-30807F31DE15}.Release|Any CPU.Build.0 = Release|Any CPU
	EndGlobalSection
	GlobalSection(SolutionProperties) = preSolution
		HideSolutionNode = FALSE
	EndGlobalSection
	GlobalSection(ExtensibilityGlobals) = postSolution
		SolutionGuid = {608A51A1-A5F9-4E13-9229-2F0D4A7B36EB}
	EndGlobalSection
EndGlobal
